
Microsoft Visual Studio Solution File, Format Version 12.00
# Visual Studio Version 17
VisualStudioVersion = 17.12.35521.163 d17.12
MinimumVisualStudioVersion = 10.0.40219.1
Project("{FAE04EC0-301F-11D3-BF4B-00C04F79EFBC}") = "BlazorJwt.Web", "BlazorJwt.Web\BlazorJwt.Web.csproj", "{89C0C042-67CB-41A3-BBA0-FF75A2F6D8E2}"
EndProject
Project("{FAE04EC0-301F-11D3-BF4B-00C04F79EFBC}") = "BlazorJwt.Api", "BlazorJwt.Api\BlazorJwt.Api.csproj", "{EA3E2941-9A21-4493-81E8-E0314BC39DDF}"
EndProject
Global
	GlobalSection(SolutionConfigurationPlatforms) = preSolution
		Debug|Any CPU = Debug|Any CPU
		Release|Any CPU = Release|Any CPU
	EndGlobalSection
	GlobalSection(ProjectConfigurationPlatforms) = postSolution
		{89C0C042-67CB-41A3-BBA0-FF75A2F6D8E2}.Debug|Any CPU.ActiveCfg = Debug|Any CPU
		{89C0C042-67CB-41A3-BBA0-FF75A2F6D8E2}.Debug|Any CPU.Build.0 = Debug|Any CPU
		{89C0C042-67CB-41A3-BBA0-FF75A2F6D8E2}.Release|Any CPU.ActiveCfg = Release|Any CPU
		{89C0C042-67CB-41A3-BBA0-FF75A2F6D8E2}.Release|Any CPU.Build.0 = Release|Any CPU
		{EA3E2941-9A21-4493-81E8-E0314BC39DDF}.Debug|Any CPU.ActiveCfg = Debug|Any CPU
		{EA3E2941-9A21-4493-81E8-E0314BC39DDF}.Debug|Any CPU.Build.0 = Debug|Any CPU
		{EA3E2941-9A21-4493-81E8-E0314BC39DDF}.Release|Any CPU.ActiveCfg = Release|Any CPU
		{EA3E2941-9A21-4493-81E8-E0314BC39DDF}.Release|Any CPU.Build.0 = Release|Any CPU
	EndGlobalSection
	GlobalSection(SolutionProperties) = preSolution
		HideSolutionNode = FALSE
	EndGlobalSection
EndGlobal
